dependencies:
- name: mongodb
  repository: oci://registry-1.docker.io/bitnamicharts
  version: 16.5.45
- name: rabbitmq
  repository: oci://registry-1.docker.io/bitnamicharts
  version: 15.5.3
- name: redis
  repository: oci://registry-1.docker.io/bitnamicharts
  version: 20.13.4
digest: sha256:7a7e8d37508617600a9bfa2abd0c0a7e9be97e0b9653b38998d87331323c0fb6
generated: "2026-04-19T10:00:54.865768+02:00"
